
Microsoft Visual Studio Solution File, Format Version 12.00
# Visual Studio Version 17
VisualStudioVersion = 17.6.33712.159
MinimumVisualStudioVersion = 10.0.40219.1
Project("{FAE04EC0-301F-11D3-BF4B-00C04F79EFBC}") = "TaskManagerAPI", "TaskManagerAPI\TaskManagerAPI.csproj", "{3DBF1253-3147-413A-9C1F-694897E16AFE}"
EndProject
Global
	GlobalSection(SolutionConfigurationPlatforms) = preSolution
		Debug|Any CPU = Debug|Any CPU
		Release|Any CPU = Release|Any CPU
	EndGlobalSection
	GlobalSection(ProjectConfigurationPlatforms) = postSolution
		{3DBF1253-3147-413A-9C1F-694897E16AFE}.Debug|Any CPU.ActiveCfg = Debug|Any CPU
		{3DBF1253-3147-413A-9C1F-694897E16AFE}.Debug|Any CPU.Build.0 = Debug|Any CPU
		{3DBF1253-3147-413A-9C1F-694897E16AFE}.Release|Any CPU.ActiveCfg = Release|Any CPU
		{3DBF1253-3147-413A-9C1F-694897E16AFE}.Release|Any CPU.Build.0 = Release|Any CPU
	EndGlobalSection
	GlobalSection(SolutionProperties) = preSolution
		HideSolutionNode = FALSE
	EndGlobalSection
	GlobalSection(ExtensibilityGlobals) = postSolution
		SolutionGuid = {9C1AC5A1-F622-492E-95CE-498CC964A0A7}
	EndGlobalSection
EndGlobal
